{
  "name": "ptswitch",
  "version": "1.0.1",
  "lockfileVersion": 1,
  "requires": true,
  "dependencies": {
    "commander": {
      "version": "2.14.1",
      "resolved": "https://registry.npmjs.org/commander/-/commander-2.14.1.tgz",
      "integrity": "sha512-+YR16o3rK53SmWHU3rEM3tPAh2rwb1yPcQX5irVn7mb0gXbwuCCrnkbV5+PBfETdfg1vui07nM6PCG1zndcjQw=="
    },
    "cryptocompare": {
      "version": "0.4.0",
      "resolved": "https://registry.npmjs.org/cryptocompare/-/cryptocompare-0.4.0.tgz",
      "integrity": "sha512-seqVgU9ONl58hIY14ex6AKsHiqhb8RQymDVePY+DkCqFW2EwzP5KPA2b+M1Fn0HRKzPMTjFLyYP2WgDPHbW9YA=="
    },
    "node-fetch": {
      "version": "2.0.0",
      "resolved": "https://registry.npmjs.org/node-fetch/-/node-fetch-2.0.0.tgz",
      "integrity": "sha1-mCu6Q+zU8pIqKcwYamu7C7c/y6Y="
    }
  }
}
